
Microsoft Visual Studio Solution File, Format Version 12.00
# Visual Studio Version 16
VisualStudioVersion = 16.0.28803.156
MinimumVisualStudioVersion = 10.0.40219.1
Project("{9A19103F-16F7-4668-BE54-9A1E7A4F7556}") = "AutoPickUp(Alpha)", "Auto\AutoPickUp(Alpha).csproj", "{067DB9A1-81A8-4EC0-BD38-B7CE710C90D6}"
EndProject
Global
	GlobalSection(SolutionConfigurationPlatforms) = preSolution
		Debug|Any CPU = Debug|Any CPU
		Release|Any CPU = Release|Any CPU
	EndGlobalSection
	GlobalSection(ProjectConfigurationPlatforms) = postSolution
		{067DB9A1-81A8-4EC0-BD38-B7CE710C90D6}.Debug|Any CPU.ActiveCfg = Debug|Any CPU
		{067DB9A1-81A8-4EC0-BD38-B7CE710C90D6}.Debug|Any CPU.Build.0 = Debug|Any CPU
		{067DB9A1-81A8-4EC0-BD38-B7CE710C90D6}.Release|Any CPU.ActiveCfg = Release|Any CPU
		{067DB9A1-81A8-4EC0-BD38-B7CE710C90D6}.Release|Any CPU.Build.0 = Release|Any CPU
	EndGlobalSection
	GlobalSection(SolutionProperties) = preSolution
		HideSolutionNode = FALSE
	EndGlobalSection
	GlobalSection(ExtensibilityGlobals) = postSolution
		SolutionGuid = {623A8334-78A9-453C-A102-094145E2C237}
	EndGlobalSection
EndGlobal
